
Microsoft Visual Studio Solution File, Format Version 12.00
# Visual Studio Version 16
VisualStudioVersion = 25.0.1704.0
MinimumVisualStudioVersion = 10.0.40219.1
Project("{2150E333-8FDC-42A3-9474-1A3956D46DE8}") = "Mobile", "Mobile", "{6D4DB8B4-2A0E-41D2-91AE-61E3F9E63986}"
EndProject
Project("{2150E333-8FDC-42A3-9474-1A3956D46DE8}") = "Services", "Services", "{0C911CEB-9E4E-4E28-9E2A-EC5C8884D911}"
EndProject
Project("{2150E333-8FDC-42A3-9474-1A3956D46DE8}") = "Bot", "Bot", "{9A40C231-4B84-42DD-8F6B-E8C8B7106E7D}"
EndProject
Project("{FAE04EC0-301F-11D3-BF4B-00C04F79EFBC}") = "BotLog.API", "BotLog.API\BotLog.API.csproj", "{4E00234D-BA2F-4ABE-81DF-29038C08DD01}"
EndProject
Project("{FAE04EC0-301F-11D3-BF4B-00C04F79EFBC}") = "BotWorker", "BotWorker\BotWorker.csproj", "{C5276F6E-BDD4-455E-A545-418328A1D257}"
EndProject
Project("{FAE04EC0-301F-11D3-BF4B-00C04F79EFBC}") = "BotNotifier.Android", "BotNotifier\BotNotifier.Android\BotNotifier.Android.csproj", "{B6DA5701-9F13-46CA-85B0-2A33CDA65285}"
EndProject
Project("{FAE04EC0-301F-11D3-BF4B-00C04F79EFBC}") = "BotNotifier.iOS", "BotNotifier\BotNotifier.iOS\BotNotifier.iOS.csproj", "{0D6BE4DC-6958-49F1-9A98-EF3A8B7B0DBC}"
EndProject
Project("{FAE04EC0-301F-11D3-BF4B-00C04F79EFBC}") = "BotNotifier", "BotNotifier\BotNotifier\BotNotifier.csproj", "{D7E4C2D2-5111-4BA7-9C9B-D0344FFE6F8F}"
EndProject
Project("{E53339B2-1760-4266-BCC7-CA923CBCF16C}") = "docker-compose", "docker-compose.dcproj", "{713E5287-E4A5-4A00-BA2B-3BE2D76538F2}"
EndProject
Global
	GlobalSection(SolutionConfigurationPlatforms) = preSolution
		Debug|Any CPU = Debug|Any CPU
		Release|Any CPU = Release|Any CPU
		Debug|iPhoneSimulator = Debug|iPhoneSimulator
		Release|iPhoneSimulator = Release|iPhoneSimulator
		Debug|iPhone = Debug|iPhone
		Release|iPhone = Release|iPhone
	EndGlobalSection
	GlobalSection(ProjectConfigurationPlatforms) = postSolution
		{4E00234D-BA2F-4ABE-81DF-29038C08DD01}.Debug|Any CPU.ActiveCfg = Debug|Any CPU
		{4E00234D-BA2F-4ABE-81DF-29038C08DD01}.Debug|Any CPU.Build.0 = Debug|Any CPU
		{4E00234D-BA2F-4ABE-81DF-29038C08DD01}.Release|Any CPU.ActiveCfg = Release|Any CPU
		{4E00234D-BA2F-4ABE-81DF-29038C08DD01}.Release|Any CPU.Build.0 = Release|Any CPU
		{4E00234D-BA2F-4ABE-81DF-29038C08DD01}.Debug|iPhoneSimulator.ActiveCfg = Debug|Any CPU
		{4E00234D-BA2F-4ABE-81DF-29038C08DD01}.Debug|iPhoneSimulator.Build.0 = Debug|Any CPU
		{4E00234D-BA2F-4ABE-81DF-29038C08DD01}.Release|iPhoneSimulator.ActiveCfg = Release|Any CPU
		{4E00234D-BA2F-4ABE-81DF-29038C08DD01}.Release|iPhoneSimulator.Build.0 = Release|Any CPU
		{4E00234D-BA2F-4ABE-81DF-29038C08DD01}.Debug|iPhone.ActiveCfg = Debug|Any CPU
		{4E00234D-BA2F-4ABE-81DF-29038C08DD01}.Debug|iPhone.Build.0 = Debug|Any CPU
		{4E00234D-BA2F-4ABE-81DF-29038C08DD01}.Release|iPhone.ActiveCfg = Release|Any CPU
		{4E00234D-BA2F-4ABE-81DF-29038C08DD01}.Release|iPhone.Build.0 = Release|Any CPU
		{C5276F6E-BDD4-455E-A545-418328A1D257}.Debug|Any CPU.ActiveCfg = Debug|Any CPU
		{C5276F6E-BDD4-455E-A545-418328A1D257}.Debug|Any CPU.Build.0 = Debug|Any CPU
		{C5276F6E-BDD4-455E-A545-418328A1D257}.Release|Any CPU.ActiveCfg = Release|Any CPU
		{C5276F6E-BDD4-455E-A545-418328A1D257}.Release|Any CPU.Build.0 = Release|Any CPU
		{C5276F6E-BDD4-455E-A545-418328A1D257}.Debug|iPhoneSimulator.ActiveCfg = Debug|Any CPU
		{C5276F6E-BDD4-455E-A545-418328A1D257}.Debug|iPhoneSimulator.Build.0 = Debug|Any CPU
		{C5276F6E-BDD4-455E-A545-418328A1D257}.Release|iPhoneSimulator.ActiveCfg = Release|Any CPU
		{C5276F6E-BDD4-455E-A545-418328A1D257}.Release|iPhoneSimulator.Build.0 = Release|Any CPU
		{C5276F6E-BDD4-455E-A545-418328A1D257}.Debug|iPhone.ActiveCfg = Debug|Any CPU
		{C5276F6E-BDD4-455E-A545-418328A1D257}.Debug|iPhone.Build.0 = Debug|Any CPU
		{C5276F6E-BDD4-455E-A545-418328A1D257}.Release|iPhone.ActiveCfg = Release|Any CPU
		{C5276F6E-BDD4-455E-A545-418328A1D257}.Release|iPhone.Build.0 = Release|Any CPU
		{B6DA5701-9F13-46CA-85B0-2A33CDA65285}.Debug|Any CPU.ActiveCfg = Debug|Any CPU
		{B6DA5701-9F13-46CA-85B0-2A33CDA65285}.Debug|Any CPU.Build.0 = Debug|Any CPU
		{B6DA5701-9F13-46CA-85B0-2A33CDA65285}.Release|Any CPU.ActiveCfg = Release|Any CPU
		{B6DA5701-9F13-46CA-85B0-2A33CDA65285}.Release|Any CPU.Build.0 = Release|Any CPU
		{B6DA5701-9F13-46CA-85B0-2A33CDA65285}.Debug|iPhoneSimulator.ActiveCfg = Debug|Any CPU
		{B6DA5701-9F13-46CA-85B0-2A33CDA65285}.Debug|iPhoneSimulator.Build.0 = Debug|Any CPU
		{B6DA5701-9F13-46CA-85B0-2A33CDA65285}.Release|iPhoneSimulator.ActiveCfg = Release|Any CPU
		{B6DA5701-9F13-46CA-85B0-2A33CDA65285}.Release|iPhoneSimulator.Build.0 = Release|Any CPU
		{B6DA5701-9F13-46CA-85B0-2A33CDA65285}.Debug|iPhone.ActiveCfg = Debug|Any CPU
		{B6DA5701-9F13-46CA-85B0-2A33CDA65285}.Debug|iPhone.Build.0 = Debug|Any CPU
		{B6DA5701-9F13-46CA-85B0-2A33CDA65285}.Release|iPhone.ActiveCfg = Release|Any CPU
		{B6DA5701-9F13-46CA-85B0-2A33CDA65285}.Release|iPhone.Build.0 = Release|Any CPU
		{0D6BE4DC-6958-49F1-9A98-EF3A8B7B0DBC}.Debug|Any CPU.ActiveCfg = Debug|iPhoneSimulator
		{0D6BE4DC-6958-49F1-9A98-EF3A8B7B0DBC}.Debug|Any CPU.Build.0 = Debug|iPhoneSimulator
		{0D6BE4DC-6958-49F1-9A98-EF3A8B7B0DBC}.Release|Any CPU.ActiveCfg = Release|iPhoneSimulator
		{0D6BE4DC-6958-49F1-9A98-EF3A8B7B0DBC}.Release|Any CPU.Build.0 = Release|iPhoneSimulator
		{0D6BE4DC-6958-49F1-9A98-EF3A8B7B0DBC}.Debug|iPhoneSimulator.ActiveCfg = Debug|iPhoneSimulator
		{0D6BE4DC-6958-49F1-9A98-EF3A8B7B0DBC}.Debug|iPhoneSimulator.Build.0 = Debug|iPhoneSimulator
		{0D6BE4DC-6958-49F1-9A98-EF3A8B7B0DBC}.Release|iPhoneSimulator.ActiveCfg = Release|iPhoneSimulator
		{0D6BE4DC-6958-49F1-9A98-EF3A8B7B0DBC}.Release|iPhoneSimulator.Build.0 = Release|iPhoneSimulator
		{0D6BE4DC-6958-49F1-9A98-EF3A8B7B0DBC}.Debug|iPhone.ActiveCfg = Debug|iPhone
		{0D6BE4DC-6958-49F1-9A98-EF3A8B7B0DBC}.Debug|iPhone.Build.0 = Debug|iPhone
		{0D6BE4DC-6958-49F1-9A98-EF3A8B7B0DBC}.Release|iPhone.ActiveCfg = Release|iPhone
		{0D6BE4DC-6958-49F1-9A98-EF3A8B7B0DBC}.Release|iPhone.Build.0 = Release|iPhone
		{D7E4C2D2-5111-4BA7-9C9B-D0344FFE6F8F}.Debug|Any CPU.ActiveCfg = Debug|Any CPU
		{D7E4C2D2-5111-4BA7-9C9B-D0344FFE6F8F}.Debug|Any CPU.Build.0 = Debug|Any CPU
		{D7E4C2D2-5111-4BA7-9C9B-D0344FFE6F8F}.Release|Any CPU.ActiveCfg = Release|Any CPU
		{D7E4C2D2-5111-4BA7-9C9B-D0344FFE6F8F}.Release|Any CPU.Build.0 = Release|Any CPU
		{D7E4C2D2-5111-4BA7-9C9B-D0344FFE6F8F}.Debug|iPhoneSimulator.ActiveCfg = Debug|Any CPU
		{D7E4C2D2-5111-4BA7-9C9B-D0344FFE6F8F}.Debug|iPhoneSimulator.Build.0 = Debug|Any CPU
		{D7E4C2D2-5111-4BA7-9C9B-D0344FFE6F8F}.Release|iPhoneSimulator.ActiveCfg = Release|Any CPU
		{D7E4C2D2-5111-4BA7-9C9B-D0344FFE6F8F}.Release|iPhoneSimulator.Build.0 = Release|Any CPU
		{D7E4C2D2-5111-4BA7-9C9B-D0344FFE6F8F}.Debug|iPhone.ActiveCfg = Debug|Any CPU
		{D7E4C2D2-5111-4BA7-9C9B-D0344FFE6F8F}.Debug|iPhone.Build.0 = Debug|Any CPU
		{D7E4C2D2-5111-4BA7-9C9B-D0344FFE6F8F}.Release|iPhone.ActiveCfg = Release|Any CPU
		{D7E4C2D2-5111-4BA7-9C9B-D0344FFE6F8F}.Release|iPhone.Build.0 = Release|Any CPU
		{713E5287-E4A5-4A00-BA2B-3BE2D76538F2}.Debug|Any CPU.ActiveCfg = Debug|Any CPU
		{713E5287-E4A5-4A00-BA2B-3BE2D76538F2}.Debug|Any CPU.Build.0 = Debug|Any CPU
		{713E5287-E4A5-4A00-BA2B-3BE2D76538F2}.Release|Any CPU.ActiveCfg = Release|Any CPU
		{713E5287-E4A5-4A00-BA2B-3BE2D76538F2}.Release|Any CPU.Build.0 = Release|Any CPU
		{713E5287-E4A5-4A00-BA2B-3BE2D76538F2}.Debug|iPhoneSimulator.ActiveCfg = Debug|Any CPU
		{713E5287-E4A5-4A00-BA2B-3BE2D76538F2}.Debug|iPhoneSimulator.Build.0 = Debug|Any CPU
		{713E5287-E4A5-4A00-BA2B-3BE2D76538F2}.Release|iPhoneSimulator.ActiveCfg = Release|Any CPU
		{713E5287-E4A5-4A00-BA2B-3BE2D76538F2}.Release|iPhoneSimulator.Build.0 = Release|Any CPU
		{713E5287-E4A5-4A00-BA2B-3BE2D76538F2}.Debug|iPhone.ActiveCfg = Debug|Any CPU
		{713E5287-E4A5-4A00-BA2B-3BE2D76538F2}.Debug|iPhone.Build.0 = Debug|Any CPU
		{713E5287-E4A5-4A00-BA2B-3BE2D76538F2}.Release|iPhone.ActiveCfg = Release|Any CPU
		{713E5287-E4A5-4A00-BA2B-3BE2D76538F2}.Release|iPhone.Build.0 = Release|Any CPU
	EndGlobalSection
	GlobalSection(SolutionProperties) = preSolution
		HideSolutionNode = FALSE
	EndGlobalSection
	GlobalSection(ExtensibilityGlobals) = postSolution
		SolutionGuid = {4713F682-DD7F-4426-9880-42735637B257}
	EndGlobalSection
	GlobalSection(NestedProjects) = preSolution
		{4E00234D-BA2F-4ABE-81DF-29038C08DD01} = {0C911CEB-9E4E-4E28-9E2A-EC5C8884D911}
		{C5276F6E-BDD4-455E-A545-418328A1D257} = {9A40C231-4B84-42DD-8F6B-E8C8B7106E7D}
		{B6DA5701-9F13-46CA-85B0-2A33CDA65285} = {6D4DB8B4-2A0E-41D2-91AE-61E3F9E63986}
		{0D6BE4DC-6958-49F1-9A98-EF3A8B7B0DBC} = {6D4DB8B4-2A0E-41D2-91AE-61E3F9E63986}
		{D7E4C2D2-5111-4BA7-9C9B-D0344FFE6F8F} = {6D4DB8B4-2A0E-41D2-91AE-61E3F9E63986}
	EndGlobalSection
EndGlobal
